
Microsoft Visual Studio Solution File, Format Version 12.00
# Visual Studio Version 16
VisualStudioVersion = 16.0.31605.320
MinimumVisualStudioVersion = 10.0.40219.1
Project("{9A19103F-16F7-4668-BE54-9A1E7A4F7556}") = "mvc", "mvc.csproj", "{FC96CB51-B6EC-41F6-9ED4-9811AA63D812}"
EndProject
Global
	GlobalSection(SolutionConfigurationPlatforms) = preSolution
		Debug|Any CPU = Debug|Any CPU
		Release|Any CPU = Release|Any CPU
	EndGlobalSection
	GlobalSection(ProjectConfigurationPlatforms) = postSolution
		{FC96CB51-B6EC-41F6-9ED4-9811AA63D812}.Debug|Any CPU.ActiveCfg = Debug|Any CPU
		{FC96CB51-B6EC-41F6-9ED4-9811AA63D812}.Debug|Any CPU.Build.0 = Debug|Any CPU
		{FC96CB51-B6EC-41F6-9ED4-9811AA63D812}.Release|Any CPU.ActiveCfg = Release|Any CPU
		{FC96CB51-B6EC-41F6-9ED4-9811AA63D812}.Release|Any CPU.Build.0 = Release|Any CPU
	EndGlobalSection
	GlobalSection(SolutionProperties) = preSolution
		HideSolutionNode = FALSE
	EndGlobalSection
	GlobalSection(ExtensibilityGlobals) = postSolution
		SolutionGuid = {5CFE2D31-FD89-45F3-AA42-1124286391C9}
	EndGlobalSection
EndGlobal
